// !$*UTF8*$!
{
	archiveVersion = 1;
	classes = {
	};
	objectVersion = 77;
	objects = {

/* Begin PBXBuildFile section */
		04844A5EA04D78DA28E33E4D /* Pods_FT_FTUITests.framework in Frameworks */ = {isa = PBXBuildFile; fileRef = E3871CC80ECA00EE4105D5BE /* Pods_FT_FTUITests.framework */; };
		43A0FD3724B8F3C50FA83B05 /* Pods_FT.framework in Frameworks */ = {isa = PBXBuildFile; fileRef = 33128FAD1E3C51936802CD5F /* Pods_FT.framework */; };
		49335EF12CE9398C00642FD2 /* String+Ext.swift in Sources */ = {isa = PBXBuildFile; fileRef = 49335EB52CE9398C00642FD2 /* String+Ext.swift */; };
		49335EF22CE9398C00642FD2 /* UIScrollView+Extensions.swift in Sources */ = {isa = PBXBuildFile; fileRef = 49335EAE2CE9398C00642FD2 /* UIScrollView+Extensions.swift */; };
		49335EF32CE9398C00642FD2 /* LXCore.docc in Sources */ = {isa = PBXBuildFile; fileRef = 49335ED72CE9398C00642FD2 /* LXCore.docc */; };
		49335EF42CE9398C00642FD2 /* AppDelegate.swift in Sources */ = {isa = PBXBuildFile; fileRef = 49335ED92CE9398C00642FD2 /* AppDelegate.swift */; };
		49335EF52CE9398C00642FD2 /* LXCodableExtension.swift in Sources */ = {isa = PBXBuildFile; fileRef = 49335EB92CE9398C00642FD2 /* LXCodableExtension.swift */; };
		49335EF62CE9398C00642FD2 /* LXCodableService.swift in Sources */ = {isa = PBXBuildFile; fileRef = 49335EBB2CE9398C00642FD2 /* LXCodableService.swift */; };
		49335EF72CE9398C00642FD2 /* LXIOSCoreNetworkLayerTargetType.swift in Sources */ = {isa = PBXBuildFile; fileRef = 49335EC72CE9398C00642FD2 /* LXIOSCoreNetworkLayerTargetType.swift */; };
		49335EF82CE9398C00642FD2 /* ViewController.swift in Sources */ = {isa = PBXBuildFile; fileRef = 49335EE12CE9398C00642FD2 /* ViewController.swift */; };
		49335EF92CE9398C00642FD2 /* UIImage+Extensions.swift in Sources */ = {isa = PBXBuildFile; fileRef = 49335EAC2CE9398C00642FD2 /* UIImage+Extensions.swift */; };
		49335EFA2CE9398C00642FD2 /* LXCoreExampleUITests.swift in Sources */ = {isa = PBXBuildFile; fileRef = 49335EE52CE9398C00642FD2 /* LXCoreExampleUITests.swift */; };
		49335EFB2CE9398C00642FD2 /* UIView+Extensions.swift in Sources */ = {isa = PBXBuildFile; fileRef = 49335EB02CE9398C00642FD2 /* UIView+Extensions.swift */; };
		49335EFC2CE9398C00642FD2 /* LXCoreConstraints.swift in Sources */ = {isa = PBXBuildFile; fileRef = 49335EC92CE9398C00642FD2 /* LXCoreConstraints.swift */; };
		49335EFD2CE9398C00642FD2 /* UICollectionView+Extensions.swift in Sources */ = {isa = PBXBuildFile; fileRef = 49335EAA2CE9398C00642FD2 /* UICollectionView+Extensions.swift */; };
		49335EFE2CE9398C00642FD2 /* LXConstantsManager.swift in Sources */ = {isa = PBXBuildFile; fileRef = 49335EBF2CE9398C00642FD2 /* LXConstantsManager.swift */; };
		49335EFF2CE9398C00642FD2 /* Codable+Extended.swift in Sources */ = {isa = PBXBuildFile; fileRef = 49335EB32CE9398C00642FD2 /* Codable+Extended.swift */; };
		49335F002CE9398C00642FD2 /* LXBaseRepository.swift in Sources */ = {isa = PBXBuildFile; fileRef = 49335EB72CE9398C00642FD2 /* LXBaseRepository.swift */; };
		49335F012CE9398C00642FD2 /* UIView+Nib.swift in Sources */ = {isa = PBXBuildFile; fileRef = 49335EB12CE9398C00642FD2 /* UIView+Nib.swift */; };
		49335F022CE9398C00642FD2 /* UITableView+Extensions.swift in Sources */ = {isa = PBXBuildFile; fileRef = 49335EAF2CE9398C00642FD2 /* UITableView+Extensions.swift */; };
		49335F032CE9398C00642FD2 /* LXTargetType.swift in Sources */ = {isa = PBXBuildFile; fileRef = 49335EC32CE9398C00642FD2 /* LXTargetType.swift */; };
		49335F042CE9398C00642FD2 /* UILabel+Extensions.swift in Sources */ = {isa = PBXBuildFile; fileRef = 49335EAD2CE9398C00642FD2 /* UILabel+Extensions.swift */; };
		49335F052CE9398C00642FD2 /* LXCoreUIKitElementStyles.swift in Sources */ = {isa = PBXBuildFile; fileRef = 49335ED32CE9398C00642FD2 /* LXCoreUIKitElementStyles.swift */; };
		49335F062CE9398C00642FD2 /* LXCoreExampleUITestsLaunchTests.swift in Sources */ = {isa = PBXBuildFile; fileRef = 49335EE62CE9398C00642FD2 /* LXCoreExampleUITestsLaunchTests.swift */; };
		49335F072CE9398C00642FD2 /* LXCoreInputView.swift in Sources */ = {isa = PBXBuildFile; fileRef = 49335ECF2CE9398C00642FD2 /* LXCoreInputView.swift */; };
		49335F082CE9398C00642FD2 /* LXCoreInputViewUserSpecifications.swift in Sources */ = {isa = PBXBuildFile; fileRef = 49335ED12CE9398C00642FD2 /* LXCoreInputViewUserSpecifications.swift */; };
		49335F092CE9398C00642FD2 /* LXNetworkResponse.swift in Sources */ = {isa = PBXBuildFile; fileRef = 49335EC12CE9398C00642FD2 /* LXNetworkResponse.swift */; };
		49335F0A2CE9398C00642FD2 /* LXConstants.swift in Sources */ = {isa = PBXBuildFile; fileRef = 49335EBD2CE9398C00642FD2 /* LXConstants.swift */; };
		49335F0B2CE9398C00642FD2 /* UIDevice+Extensions.swift in Sources */ = {isa = PBXBuildFile; fileRef = 49335EAB2CE9398C00642FD2 /* UIDevice+Extensions.swift */; };
		49335F0C2CE9398C00642FD2 /* Double+Extensions.swift in Sources */ = {isa = PBXBuildFile; fileRef = 49335EB42CE9398C00642FD2 /* Double+Extensions.swift */; };
		49335F0D2CE9398C00642FD2 /* LXCoreExampleTests.swift in Sources */ = {isa = PBXBuildFile; fileRef = 49335EE32CE9398C00642FD2 /* LXCoreExampleTests.swift */; };
		49335F0E2CE9398C00642FD2 /* SceneDelegate.swift in Sources */ = {isa = PBXBuildFile; fileRef = 49335EE02CE9398C00642FD2 /* SceneDelegate.swift */; };
		49335F0F2CE9398C00642FD2 /* LXCoreActivityIndicatorView.swift in Sources */ = {isa = PBXBuildFile; fileRef = 49335ECC2CE9398C00642FD2 /* LXCoreActivityIndicatorView.swift */; };
		49335F102CE9398C00642FD2 /* LXIOSCoreNetworkLayerBaseRepository.swift in Sources */ = {isa = PBXBuildFile; fileRef = 49335EC62CE9398C00642FD2 /* LXIOSCoreNetworkLayerBaseRepository.swift */; };
		49335F112CE9398C00642FD2 /* LXIOSCoreNetworkLayer.swift in Sources */ = {isa = PBXBuildFile; fileRef = 49335EC52CE9398C00642FD2 /* LXIOSCoreNetworkLayer.swift */; };
		49335F122CE9398C00642FD2 /* LXCoreTests.swift in Sources */ = {isa = PBXBuildFile; fileRef = 49335EE82CE9398C00642FD2 /* LXCoreTests.swift */; };
		49335F132CE9398C00642FD2 /* LXCoreActivityIndicatorUserSpecifications.swift in Sources */ = {isa = PBXBuildFile; fileRef = 49335ECB2CE9398C00642FD2 /* LXCoreActivityIndicatorUserSpecifications.swift */; };
		49335F142CE9398C00642FD2 /* LXCoreGradientArcView.swift in Sources */ = {isa = PBXBuildFile; fileRef = 49335ECD2CE9398C00642FD2 /* LXCoreGradientArcView.swift */; };
		49335F152CE9398C00642FD2 /* Assets.xcassets in Resources */ = {isa = PBXBuildFile; fileRef = 49335EDA2CE9398C00642FD2 /* Assets.xcassets */; };
		49335F162CE9398C00642FD2 /* Info.plist in Resources */ = {isa = PBXBuildFile; fileRef = 49335EDB2CE9398C00642FD2 /* Info.plist */; };
		49335F172CE9398C00642FD2 /* LaunchScreen.storyboard in Resources */ = {isa = PBXBuildFile; fileRef = 49335EDD2CE9398C00642FD2 /* LaunchScreen.storyboard */; };
		49335F182CE9398C00642FD2 /* .gitignore in Resources */ = {isa = PBXBuildFile; fileRef = 49335EEA2CE9398C00642FD2 /* .gitignore */; };
		49335F192CE9398C00642FD2 /* Main.storyboard in Resources */ = {isa = PBXBuildFile; fileRef = 49335EDF2CE9398C00642FD2 /* Main.storyboard */; };
		49335F1A2CE9398C00642FD2 /* README.md in Resources */ = {isa = PBXBuildFile; fileRef = 49335EED2CE9398C00642FD2 /* README.md */; };
		49335F1B2CE9398C00642FD2 /* LXCoreInputView.xib in Resources */ = {isa = PBXBuildFile; fileRef = 49335ED02CE9398C00642FD2 /* LXCoreInputView.xib */; };
		49335F1C2CE9398C00642FD2 /* Podfile in Resources */ = {isa = PBXBuildFile; fileRef = 49335EEC2CE9398C00642FD2 /* Podfile */; };
		DE523FAC673DEB4C265D7603 /* Pods_FTTests.framework in Frameworks */ = {isa = PBXBuildFile; fileRef = 16999D26442F41A9A0E4ACC9 /* Pods_FTTests.framework */; };
/* End PBXBuildFile section */

/* Begin PBXContainerItemProxy section */
		498EC7E82CE921D3003911EB /* PBXContainerItemProxy */ = {
			isa = PBXContainerItemProxy;
			containerPortal = 498EC7C92CE921D0003911EB /* Project object */;
			proxyType = 1;
			remoteGlobalIDString = 498EC7D02CE921D0003911EB;
			remoteInfo = FT;
		};
		498EC7F22CE921D3003911EB /* PBXContainerItemProxy */ = {
			isa = PBXContainerItemProxy;
			containerPortal = 498EC7C92CE921D0003911EB /* Project object */;
			proxyType = 1;
			remoteGlobalIDString = 498EC7D02CE921D0003911EB;
			remoteInfo = FT;
		};
/* End PBXContainerItemProxy section */

/* Begin PBXFileReference section */
		16999D26442F41A9A0E4ACC9 /* Pods_FTTests.framework */ = {isa = PBXFileReference; explicitFileType = wrapper.framework; includeInIndex = 0; path = Pods_FTTests.framework; sourceTree = BUILT_PRODUCTS_DIR; };
		33128FAD1E3C51936802CD5F /* Pods_FT.framework */ = {isa = PBXFileReference; explicitFileType = wrapper.framework; includeInIndex = 0; path = Pods_FT.framework; sourceTree = BUILT_PRODUCTS_DIR; };
		47209882B3F1295D3B576A34 /* Pods-FT-FTUITests.debug.xcconfig */ = {isa = PBXFileReference; includeInIndex = 1; lastKnownFileType = text.xcconfig; name = "Pods-FT-FTUITests.debug.xcconfig"; path = "Target Support Files/Pods-FT-FTUITests/Pods-FT-FTUITests.debug.xcconfig"; sourceTree = "<group>"; };
		48C7808CB89C3E2A73F41DA0 /* Pods-FTTests.release.xcconfig */ = {isa = PBXFileReference; includeInIndex = 1; lastKnownFileType = text.xcconfig; name = "Pods-FTTests.release.xcconfig"; path = "Target Support Files/Pods-FTTests/Pods-FTTests.release.xcconfig"; sourceTree = "<group>"; };
		49335EAA2CE9398C00642FD2 /* UICollectionView+Extensions.swift */ = {isa = PBXFileReference; lastKnownFileType = sourcecode.swift; path = "UICollectionView+Extensions.swift"; sourceTree = "<group>"; };
		49335EAB2CE9398C00642FD2 /* UIDevice+Extensions.swift */ = {isa = PBXFileReference; lastKnownFileType = sourcecode.swift; path = "UIDevice+Extensions.swift"; sourceTree = "<group>"; };
		49335EAC2CE9398C00642FD2 /* UIImage+Extensions.swift */ = {isa = PBXFileReference; lastKnownFileType = sourcecode.swift; path = "UIImage+Extensions.swift"; sourceTree = "<group>"; };
		49335EAD2CE9398C00642FD2 /* UILabel+Extensions.swift */ = {isa = PBXFileReference; lastKnownFileType = sourcecode.swift; path = "UILabel+Extensions.swift"; sourceTree = "<group>"; };
		49335EAE2CE9398C00642FD2 /* UIScrollView+Extensions.swift */ = {isa = PBXFileReference; lastKnownFileType = sourcecode.swift; path = "UIScrollView+Extensions.swift"; sourceTree = "<group>"; };
		49335EAF2CE9398C00642FD2 /* UITableView+Extensions.swift */ = {isa = PBXFileReference; lastKnownFileType = sourcecode.swift; path = "UITableView+Extensions.swift"; sourceTree = "<group>"; };
		49335EB02CE9398C00642FD2 /* UIView+Extensions.swift */ = {isa = PBXFileReference; lastKnownFileType = sourcecode.swift; path = "UIView+Extensions.swift"; sourceTree = "<group>"; };
		49335EB12CE9398C00642FD2 /* UIView+Nib.swift */ = {isa = PBXFileReference; lastKnownFileType = sourcecode.swift; path = "UIView+Nib.swift"; sourceTree = "<group>"; };
		49335EB32CE9398C00642FD2 /* Codable+Extended.swift */ = {isa = PBXFileReference; lastKnownFileType = sourcecode.swift; path = "Codable+Extended.swift"; sourceTree = "<group>"; };
		49335EB42CE9398C00642FD2 /* Double+Extensions.swift */ = {isa = PBXFileReference; lastKnownFileType = sourcecode.swift; path = "Double+Extensions.swift"; sourceTree = "<group>"; };
		49335EB52CE9398C00642FD2 /* String+Ext.swift */ = {isa = PBXFileReference; lastKnownFileType = sourcecode.swift; path = "String+Ext.swift"; sourceTree = "<group>"; };
		49335EB72CE9398C00642FD2 /* LXBaseRepository.swift */ = {isa = PBXFileReference; lastKnownFileType = sourcecode.swift; path = LXBaseRepository.swift; sourceTree = "<group>"; };
		49335EB92CE9398C00642FD2 /* LXCodableExtension.swift */ = {isa = PBXFileReference; lastKnownFileType = sourcecode.swift; path = LXCodableExtension.swift; sourceTree = "<group>"; };
		49335EBB2CE9398C00642FD2 /* LXCodableService.swift */ = {isa = PBXFileReference; lastKnownFileType = sourcecode.swift; path = LXCodableService.swift; sourceTree = "<group>"; };
		49335EBD2CE9398C00642FD2 /* LXConstants.swift */ = {isa = PBXFileReference; lastKnownFileType = sourcecode.swift; path = LXConstants.swift; sourceTree = "<group>"; };
		49335EBF2CE9398C00642FD2 /* LXConstantsManager.swift */ = {isa = PBXFileReference; lastKnownFileType = sourcecode.swift; path = LXConstantsManager.swift; sourceTree = "<group>"; };
		49335EC12CE9398C00642FD2 /* LXNetworkResponse.swift */ = {isa = PBXFileReference; lastKnownFileType = sourcecode.swift; path = LXNetworkResponse.swift; sourceTree = "<group>"; };
		49335EC32CE9398C00642FD2 /* LXTargetType.swift */ = {isa = PBXFileReference; lastKnownFileType = sourcecode.swift; path = LXTargetType.swift; sourceTree = "<group>"; };
		49335EC52CE9398C00642FD2 /* LXIOSCoreNetworkLayer.swift */ = {isa = PBXFileReference; lastKnownFileType = sourcecode.swift; path = LXIOSCoreNetworkLayer.swift; sourceTree = "<group>"; };
		49335EC62CE9398C00642FD2 /* LXIOSCoreNetworkLayerBaseRepository.swift */ = {isa = PBXFileReference; lastKnownFileType = sourcecode.swift; path = LXIOSCoreNetworkLayerBaseRepository.swift; sourceTree = "<group>"; };
		49335EC72CE9398C00642FD2 /* LXIOSCoreNetworkLayerTargetType.swift */ = {isa = PBXFileReference; lastKnownFileType = sourcecode.swift; path = LXIOSCoreNetworkLayerTargetType.swift; sourceTree = "<group>"; };
		49335EC92CE9398C00642FD2 /* LXCoreConstraints.swift */ = {isa = PBXFileReference; lastKnownFileType = sourcecode.swift; path = LXCoreConstraints.swift; sourceTree = "<group>"; };
		49335ECB2CE9398C00642FD2 /* LXCoreActivityIndicatorUserSpecifications.swift */ = {isa = PBXFileReference; lastKnownFileType = sourcecode.swift; path = LXCoreActivityIndicatorUserSpecifications.swift; sourceTree = "<group>"; };
		49335ECC2CE9398C00642FD2 /* LXCoreActivityIndicatorView.swift */ = {isa = PBXFileReference; lastKnownFileType = sourcecode.swift; path = LXCoreActivityIndicatorView.swift; sourceTree = "<group>"; };
		49335ECD2CE9398C00642FD2 /* LXCoreGradientArcView.swift */ = {isa = PBXFileReference; lastKnownFileType = sourcecode.swift; path = LXCoreGradientArcView.swift; sourceTree = "<group>"; };
		49335ECF2CE9398C00642FD2 /* LXCoreInputView.swift */ = {isa = PBXFileReference; lastKnownFileType = sourcecode.swift; path = LXCoreInputView.swift; sourceTree = "<group>"; };
		49335ED02CE9398C00642FD2 /* LXCoreInputView.xib */ = {isa = PBXFileReference; lastKnownFileType = file.xib; path = LXCoreInputView.xib; sourceTree = "<group>"; };
		49335ED12CE9398C00642FD2 /* LXCoreInputViewUserSpecifications.swift */ = {isa = PBXFileReference; lastKnownFileType = sourcecode.swift; path = LXCoreInputViewUserSpecifications.swift; sourceTree = "<group>"; };
		49335ED32CE9398C00642FD2 /* LXCoreUIKitElementStyles.swift */ = {isa = PBXFileReference; lastKnownFileType = sourcecode.swift; path = LXCoreUIKitElementStyles.swift; sourceTree = "<group>"; };
		49335ED62CE9398C00642FD2 /* iOSCore.h */ = {isa = PBXFileReference; lastKnownFileType = sourcecode.c.h; path = iOSCore.h; sourceTree = "<group>"; };
		49335ED72CE9398C00642FD2 /* LXCore.docc */ = {isa = PBXFileReference; lastKnownFileType = folder.documentationcatalog; path = LXCore.docc; sourceTree = "<group>"; };
		49335ED92CE9398C00642FD2 /* AppDelegate.swift */ = {isa = PBXFileReference; lastKnownFileType = sourcecode.swift; path = AppDelegate.swift; sourceTree = "<group>"; };
		49335EDA2CE9398C00642FD2 /* Assets.xcassets */ = {isa = PBXFileReference; lastKnownFileType = folder.assetcatalog; path = Assets.xcassets; sourceTree = "<group>"; };
		49335EDB2CE9398C00642FD2 /* Info.plist */ = {isa = PBXFileReference; lastKnownFileType = text.plist.xml; path = Info.plist; sourceTree = "<group>"; };
		49335EDC2CE9398C00642FD2 /* Base */ = {isa = PBXFileReference; lastKnownFileType = file.storyboard; name = Base; path = Base.lproj/LaunchScreen.storyboard; sourceTree = "<group>"; };
		49335EDE2CE9398C00642FD2 /* Base */ = {isa = PBXFileReference; lastKnownFileType = file.storyboard; name = Base; path = Base.lproj/Main.storyboard; sourceTree = "<group>"; };
		49335EE02CE9398C00642FD2 /* SceneDelegate.swift */ = {isa = PBXFileReference; lastKnownFileType = sourcecode.swift; path = SceneDelegate.swift; sourceTree = "<group>"; };
		49335EE12CE9398C00642FD2 /* ViewController.swift */ = {isa = PBXFileReference; lastKnownFileType = sourcecode.swift; path = ViewController.swift; sourceTree = "<group>"; };
		49335EE32CE9398C00642FD2 /* LXCoreExampleTests.swift */ = {isa = PBXFileReference; lastKnownFileType = sourcecode.swift; path = LXCoreExampleTests.swift; sourceTree = "<group>"; };
		49335EE52CE9398C00642FD2 /* LXCoreExampleUITests.swift */ = {isa = PBXFileReference; lastKnownFileType = sourcecode.swift; path = LXCoreExampleUITests.swift; sourceTree = "<group>"; };
		49335EE62CE9398C00642FD2 /* LXCoreExampleUITestsLaunchTests.swift */ = {isa = PBXFileReference; lastKnownFileType = sourcecode.swift; path = LXCoreExampleUITestsLaunchTests.swift; sourceTree = "<group>"; };
		49335EE82CE9398C00642FD2 /* LXCoreTests.swift */ = {isa = PBXFileReference; lastKnownFileType = sourcecode.swift; path = LXCoreTests.swift; sourceTree = "<group>"; };
		49335EEA2CE9398C00642FD2 /* .gitignore */ = {isa = PBXFileReference; lastKnownFileType = text; path = .gitignore; sourceTree = "<group>"; };
		49335EEB2CE9398C00642FD2 /* LXCore.xcodeproj */ = {isa = PBXFileReference; lastKnownFileType = "wrapper.pb-project"; path = LXCore.xcodeproj; sourceTree = "<group>"; };
		49335EEC2CE9398C00642FD2 /* Podfile */ = {isa = PBXFileReference; lastKnownFileType = text; path = Podfile; sourceTree = "<group>"; };
		49335EED2CE9398C00642FD2 /* README.md */ = {isa = PBXFileReference; lastKnownFileType = net.daringfireball.markdown; path = README.md; sourceTree = "<group>"; };
		498EC7D12CE921D0003911EB /* FT.app */ = {isa = PBXFileReference; explicitFileType = wrapper.application; includeInIndex = 0; path = FT.app; sourceTree = BUILT_PRODUCTS_DIR; };
		498EC7E72CE921D3003911EB /* FTTests.xctest */ = {isa = PBXFileReference; explicitFileType = wrapper.cfbundle; includeInIndex = 0; path = FTTests.xctest; sourceTree = BUILT_PRODUCTS_DIR; };
		498EC7F12CE921D3003911EB /* FTUITests.xctest */ = {isa = PBXFileReference; explicitFileType = wrapper.cfbundle; includeInIndex = 0; path = FTUITests.xctest; sourceTree = BUILT_PRODUCTS_DIR; };
		77F5C976342A3F961019DDCD /* Pods-FT.debug.xcconfig */ = {isa = PBXFileReference; includeInIndex = 1; lastKnownFileType = text.xcconfig; name = "Pods-FT.debug.xcconfig"; path = "Target Support Files/Pods-FT/Pods-FT.debug.xcconfig"; sourceTree = "<group>"; };
		9312B32BD0EFEA85DD00914A /* Pods-FT.release.xcconfig */ = {isa = PBXFileReference; includeInIndex = 1; lastKnownFileType = text.xcconfig; name = "Pods-FT.release.xcconfig"; path = "Target Support Files/Pods-FT/Pods-FT.release.xcconfig"; sourceTree = "<group>"; };
		B3C25B70DF14C593536A293E /* Pods-FTTests.debug.xcconfig */ = {isa = PBXFileReference; includeInIndex = 1; lastKnownFileType = text.xcconfig; name = "Pods-FTTests.debug.xcconfig"; path = "Target Support Files/Pods-FTTests/Pods-FTTests.debug.xcconfig"; sourceTree = "<group>"; };
		C0A71022A17458EB6ED2028F /* Pods-FT-FTUITests.release.xcconfig */ = {isa = PBXFileReference; includeInIndex = 1; lastKnownFileType = text.xcconfig; name = "Pods-FT-FTUITests.release.xcconfig"; path = "Target Support Files/Pods-FT-FTUITests/Pods-FT-FTUITests.release.xcconfig"; sourceTree = "<group>"; };
		E3871CC80ECA00EE4105D5BE /* Pods_FT_FTUITests.framework */ = {isa = PBXFileReference; explicitFileType = wrapper.framework; includeInIndex = 0; path = Pods_FT_FTUITests.framework; sourceTree = BUILT_PRODUCTS_DIR; };
/* End PBXFileReference section */

/* Begin PBXFileSystemSynchronizedBuildFileExceptionSet section */
		498EC7F92CE921D3003911EB /* Exceptions for "FT" folder in "FT" target */ = {
			isa = PBXFileSystemSynchronizedBuildFileExceptionSet;
			membershipExceptions = (
				Info.plist,
			);
			target = 498EC7D02CE921D0003911EB /* FT */;
		};
/* End PBXFileSystemSynchronizedBuildFileExceptionSet section */

/* Begin PBXFileSystemSynchronizedRootGroup section */
		498EC7D32CE921D0003911EB /* FT */ = {
			isa = PBXFileSystemSynchronizedRootGroup;
			exceptions = (
				498EC7F92CE921D3003911EB /* Exceptions for "FT" folder in "FT" target */,
			);
			path = FT;
			sourceTree = "<group>";
		};
		498EC7EA2CE921D3003911EB /* FTTests */ = {
			isa = PBXFileSystemSynchronizedRootGroup;
			path = FTTests;
			sourceTree = "<group>";
		};
		498EC7F42CE921D3003911EB /* FTUITests */ = {
			isa = PBXFileSystemSynchronizedRootGroup;
			path = FTUITests;
			sourceTree = "<group>";
		};
/* End PBXFileSystemSynchronizedRootGroup section */

/* Begin PBXFrameworksBuildPhase section */
		498EC7CE2CE921D0003911EB /* Frameworks */ = {
			isa = PBXFrameworksBuildPhase;
			buildActionMask = 2147483647;
			files = (
				43A0FD3724B8F3C50FA83B05 /* Pods_FT.framework in Frameworks */,
			);
			runOnlyForDeploymentPostprocessing = 0;
		};
		498EC7E42CE921D3003911EB /* Frameworks */ = {
			isa = PBXFrameworksBuildPhase;
			buildActionMask = 2147483647;
			files = (
				DE523FAC673DEB4C265D7603 /* Pods_FTTests.framework in Frameworks */,
			);
			runOnlyForDeploymentPostprocessing = 0;
		};
		498EC7EE2CE921D3003911EB /* Frameworks */ = {
			isa = PBXFrameworksBuildPhase;
			buildActionMask = 2147483647;
			files = (
				04844A5EA04D78DA28E33E4D /* Pods_FT_FTUITests.framework in Frameworks */,
			);
			runOnlyForDeploymentPostprocessing = 0;
		};
/* End PBXFrameworksBuildPhase section */

/* Begin PBXGroup section */
		0CC7F868F649DAA50018D117 /* Frameworks */ = {
			isa = PBXGroup;
			children = (
				33128FAD1E3C51936802CD5F /* Pods_FT.framework */,
				E3871CC80ECA00EE4105D5BE /* Pods_FT_FTUITests.framework */,
				16999D26442F41A9A0E4ACC9 /* Pods_FTTests.framework */,
			);
			name = Frameworks;
			sourceTree = "<group>";
		};
		49335EB22CE9398C00642FD2 /* UIKit */ = {
			isa = PBXGroup;
			children = (
				49335EAA2CE9398C00642FD2 /* UICollectionView+Extensions.swift */,
				49335EAB2CE9398C00642FD2 /* UIDevice+Extensions.swift */,
				49335EAC2CE9398C00642FD2 /* UIImage+Extensions.swift */,
				49335EAD2CE9398C00642FD2 /* UILabel+Extensions.swift */,
				49335EAE2CE9398C00642FD2 /* UIScrollView+Extensions.swift */,
				49335EAF2CE9398C00642FD2 /* UITableView+Extensions.swift */,
				49335EB02CE9398C00642FD2 /* UIView+Extensions.swift */,
				49335EB12CE9398C00642FD2 /* UIView+Nib.swift */,
			);
			path = UIKit;
			sourceTree = "<group>";
		};
		49335EB62CE9398C00642FD2 /* Extensions */ = {
			isa = PBXGroup;
			children = (
				49335EB22CE9398C00642FD2 /* UIKit */,
				49335EB32CE9398C00642FD2 /* Codable+Extended.swift */,
				49335EB42CE9398C00642FD2 /* Double+Extensions.swift */,
				49335EB52CE9398C00642FD2 /* String+Ext.swift */,
			);
			path = Extensions;
			sourceTree = "<group>";
		};
		49335EB82CE9398C00642FD2 /* LXBaseRepository */ = {
			isa = PBXGroup;
			children = (
				49335EB72CE9398C00642FD2 /* LXBaseRepository.swift */,
			);
			path = LXBaseRepository;
			sourceTree = "<group>";
		};
		49335EBA2CE9398C00642FD2 /* LXCodableExtension */ = {
			isa = PBXGroup;
			children = (
				49335EB92CE9398C00642FD2 /* LXCodableExtension.swift */,
			);
			path = LXCodableExtension;
			sourceTree = "<group>";
		};
		49335EBC2CE9398C00642FD2 /* LXCodableService */ = {
			isa = PBXGroup;
			children = (
				49335EBB2CE9398C00642FD2 /* LXCodableService.swift */,
			);
			path = LXCodableService;
			sourceTree = "<group>";
		};
		49335EBE2CE9398C00642FD2 /* LXConstants */ = {
			isa = PBXGroup;
			children = (
				49335EBD2CE9398C00642FD2 /* LXConstants.swift */,
			);
			path = LXConstants;
			sourceTree = "<group>";
		};
		49335EC02CE9398C00642FD2 /* LXConstantsManager */ = {
			isa = PBXGroup;
			children = (
				49335EBF2CE9398C00642FD2 /* LXConstantsManager.swift */,
			);
			path = LXConstantsManager;
			sourceTree = "<group>";
		};
		49335EC22CE9398C00642FD2 /* LXNetworkResponse */ = {
			isa = PBXGroup;
			children = (
				49335EC12CE9398C00642FD2 /* LXNetworkResponse.swift */,
			);
			path = LXNetworkResponse;
			sourceTree = "<group>";
		};
		49335EC42CE9398C00642FD2 /* LXTargetType */ = {
			isa = PBXGroup;
			children = (
				49335EC32CE9398C00642FD2 /* LXTargetType.swift */,
			);
			path = LXTargetType;
			sourceTree = "<group>";
		};
		49335EC82CE9398C00642FD2 /* NetworkLayer */ = {
			isa = PBXGroup;
			children = (
				49335EC52CE9398C00642FD2 /* LXIOSCoreNetworkLayer.swift */,
				49335EC62CE9398C00642FD2 /* LXIOSCoreNetworkLayerBaseRepository.swift */,
				49335EC72CE9398C00642FD2 /* LXIOSCoreNetworkLayerTargetType.swift */,
			);
			path = NetworkLayer;
			sourceTree = "<group>";
		};
		49335ECA2CE9398C00642FD2 /* Constraints */ = {
			isa = PBXGroup;
			children = (
				49335EC92CE9398C00642FD2 /* LXCoreConstraints.swift */,
			);
			path = Constraints;
			sourceTree = "<group>";
		};
		49335ECE2CE9398C00642FD2 /* LXCoreActivityIndicator */ = {
			isa = PBXGroup;
			children = (
				49335ECB2CE9398C00642FD2 /* LXCoreActivityIndicatorUserSpecifications.swift */,
				49335ECC2CE9398C00642FD2 /* LXCoreActivityIndicatorView.swift */,
				49335ECD2CE9398C00642FD2 /* LXCoreGradientArcView.swift */,
			);
			path = LXCoreActivityIndicator;
			sourceTree = "<group>";
		};
		49335ED22CE9398C00642FD2 /* LXCoreInputView */ = {
			isa = PBXGroup;
			children = (
				49335ECF2CE9398C00642FD2 /* LXCoreInputView.swift */,
				49335ED02CE9398C00642FD2 /* LXCoreInputView.xib */,
				49335ED12CE9398C00642FD2 /* LXCoreInputViewUserSpecifications.swift */,
			);
			path = LXCoreInputView;
			sourceTree = "<group>";
		};
		49335ED42CE9398C00642FD2 /* Styles */ = {
			isa = PBXGroup;
			children = (
				49335ED32CE9398C00642FD2 /* LXCoreUIKitElementStyles.swift */,
			);
			path = Styles;
			sourceTree = "<group>";
		};
		49335ED52CE9398C00642FD2 /* UIComponents */ = {
			isa = PBXGroup;
			children = (
				49335ECA2CE9398C00642FD2 /* Constraints */,
				49335ECE2CE9398C00642FD2 /* LXCoreActivityIndicator */,
				49335ED22CE9398C00642FD2 /* LXCoreInputView */,
				49335ED42CE9398C00642FD2 /* Styles */,
			);
			path = UIComponents;
			sourceTree = "<group>";
		};
		49335ED82CE9398C00642FD2 /* LXCore */ = {
			isa = PBXGroup;
			children = (
				49335EB62CE9398C00642FD2 /* Extensions */,
				49335EB82CE9398C00642FD2 /* LXBaseRepository */,
				49335EBA2CE9398C00642FD2 /* LXCodableExtension */,
				49335EBC2CE9398C00642FD2 /* LXCodableService */,
				49335EBE2CE9398C00642FD2 /* LXConstants */,
				49335EC02CE9398C00642FD2 /* LXConstantsManager */,
				49335EC22CE9398C00642FD2 /* LXNetworkResponse */,
				49335EC42CE9398C00642FD2 /* LXTargetType */,
				49335EC82CE9398C00642FD2 /* NetworkLayer */,
				49335ED52CE9398C00642FD2 /* UIComponents */,
				49335ED62CE9398C00642FD2 /* iOSCore.h */,
				49335ED72CE9398C00642FD2 /* LXCore.docc */,
			);
			path = LXCore;
			sourceTree = "<group>";
		};
		49335EE22CE9398C00642FD2 /* LXCoreExample */ = {
			isa = PBXGroup;
			children = (
				49335ED92CE9398C00642FD2 /* AppDelegate.swift */,
				49335EDA2CE9398C00642FD2 /* Assets.xcassets */,
				49335EDB2CE9398C00642FD2 /* Info.plist */,
				49335EDD2CE9398C00642FD2 /* LaunchScreen.storyboard */,
				49335EDF2CE9398C00642FD2 /* Main.storyboard */,
				49335EE02CE9398C00642FD2 /* SceneDelegate.swift */,
				49335EE12CE9398C00642FD2 /* ViewController.swift */,
			);
			path = LXCoreExample;
			sourceTree = "<group>";
		};
		49335EE42CE9398C00642FD2 /* LXCoreExampleTests */ = {
			isa = PBXGroup;
			children = (
				49335EE32CE9398C00642FD2 /* LXCoreExampleTests.swift */,
			);
			path = LXCoreExampleTests;
			sourceTree = "<group>";
		};
		49335EE72CE9398C00642FD2 /* LXCoreExampleUITests */ = {
			isa = PBXGroup;
			children = (
				49335EE52CE9398C00642FD2 /* LXCoreExampleUITests.swift */,
				49335EE62CE9398C00642FD2 /* LXCoreExampleUITestsLaunchTests.swift */,
			);
			path = LXCoreExampleUITests;
			sourceTree = "<group>";
		};
		49335EE92CE9398C00642FD2 /* LXCoreTests */ = {
			isa = PBXGroup;
			children = (
				49335EE82CE9398C00642FD2 /* LXCoreTests.swift */,
			);
			path = LXCoreTests;
			sourceTree = "<group>";
		};
		49335EEE2CE9398C00642FD2 /* LXCore */ = {
			isa = PBXGroup;
			children = (
				49335ED82CE9398C00642FD2 /* LXCore */,
				49335EE22CE9398C00642FD2 /* LXCoreExample */,
				49335EE42CE9398C00642FD2 /* LXCoreExampleTests */,
				49335EE72CE9398C00642FD2 /* LXCoreExampleUITests */,
				49335EE92CE9398C00642FD2 /* LXCoreTests */,
				49335EEA2CE9398C00642FD2 /* .gitignore */,
				49335EEB2CE9398C00642FD2 /* LXCore.xcodeproj */,
				49335EEC2CE9398C00642FD2 /* Podfile */,
				49335EED2CE9398C00642FD2 /* README.md */,
			);
			path = LXCore;
			sourceTree = "<group>";
		};
		49335EEF2CE9398C00642FD2 /* Products */ = {
			isa = PBXGroup;
			children = (
			);
			name = Products;
			sourceTree = "<group>";
		};
		498EC7C82CE921D0003911EB = {
			isa = PBXGroup;
			children = (
				49335EEE2CE9398C00642FD2 /* LXCore */,
				498EC7D32CE921D0003911EB /* FT */,
				498EC7EA2CE921D3003911EB /* FTTests */,
				498EC7F42CE921D3003911EB /* FTUITests */,
				498EC7D22CE921D0003911EB /* Products */,
				F5F9E6453298B0EAF3922C08 /* Pods */,
				0CC7F868F649DAA50018D117 /* Frameworks */,
			);
			sourceTree = "<group>";
		};
		498EC7D22CE921D0003911EB /* Products */ = {
			isa = PBXGroup;
			children = (
				498EC7D12CE921D0003911EB /* FT.app */,
				498EC7E72CE921D3003911EB /* FTTests.xctest */,
				498EC7F12CE921D3003911EB /* FTUITests.xctest */,
			);
			name = Products;
			sourceTree = "<group>";
		};
		F5F9E6453298B0EAF3922C08 /* Pods */ = {
			isa = PBXGroup;
			children = (
				77F5C976342A3F961019DDCD /* Pods-FT.debug.xcconfig */,
				9312B32BD0EFEA85DD00914A /* Pods-FT.release.xcconfig */,
				47209882B3F1295D3B576A34 /* Pods-FT-FTUITests.debug.xcconfig */,
				C0A71022A17458EB6ED2028F /* Pods-FT-FTUITests.release.xcconfig */,
				B3C25B70DF14C593536A293E /* Pods-FTTests.debug.xcconfig */,
				48C7808CB89C3E2A73F41DA0 /* Pods-FTTests.release.xcconfig */,
			);
			path = Pods;
			sourceTree = "<group>";
		};
/* End PBXGroup section */

/* Begin PBXNativeTarget section */
		498EC7D02CE921D0003911EB /* FT */ = {
			isa = PBXNativeTarget;
			buildConfigurationList = 498EC7FA2CE921D3003911EB /* Build configuration list for PBXNativeTarget "FT" */;
			buildPhases = (
				64621B7FAF516DA727DC0CF0 /* [CP] Check Pods Manifest.lock */,
				498EC7CD2CE921D0003911EB /* Sources */,
				498EC7CE2CE921D0003911EB /* Frameworks */,
				498EC7CF2CE921D0003911EB /* Resources */,
			);
			buildRules = (
			);
			dependencies = (
			);
			fileSystemSynchronizedGroups = (
				498EC7D32CE921D0003911EB /* FT */,
			);
			name = FT;
			productName = FT;
			productReference = 498EC7D12CE921D0003911EB /* FT.app */;
			productType = "com.apple.product-type.application";
		};
		498EC7E62CE921D3003911EB /* FTTests */ = {
			isa = PBXNativeTarget;
			buildConfigurationList = 498EC7FF2CE921D3003911EB /* Build configuration list for PBXNativeTarget "FTTests" */;
			buildPhases = (
				3D69F5F90C2A9C920DD8AAF0 /* [CP] Check Pods Manifest.lock */,
				498EC7E32CE921D3003911EB /* Sources */,
				498EC7E42CE921D3003911EB /* Frameworks */,
				498EC7E52CE921D3003911EB /* Resources */,
			);
			buildRules = (
			);
			dependencies = (
				498EC7E92CE921D3003911EB /* PBXTargetDependency */,
			);
			fileSystemSynchronizedGroups = (
				498EC7EA2CE921D3003911EB /* FTTests */,
			);
			name = FTTests;
			productName = FTTests;
			productReference = 498EC7E72CE921D3003911EB /* FTTests.xctest */;
			productType = "com.apple.product-type.bundle.unit-test";
		};
		498EC7F02CE921D3003911EB /* FTUITests */ = {
			isa = PBXNativeTarget;
			buildConfigurationList = 498EC8022CE921D3003911EB /* Build configuration list for PBXNativeTarget "FTUITests" */;
			buildPhases = (
				7F8D5431C4F6332A82F8C853 /* [CP] Check Pods Manifest.lock */,
				498EC7ED2CE921D3003911EB /* Sources */,
				498EC7EE2CE921D3003911EB /* Frameworks */,
				498EC7EF2CE921D3003911EB /* Resources */,
			);
			buildRules = (
			);
			dependencies = (
				498EC7F32CE921D3003911EB /* PBXTargetDependency */,
			);
			fileSystemSynchronizedGroups = (
				498EC7F42CE921D3003911EB /* FTUITests */,
			);
			name = FTUITests;
			productName = FTUITests;
			productReference = 498EC7F12CE921D3003911EB /* FTUITests.xctest */;
			productType = "com.apple.product-type.bundle.ui-testing";
		};
/* End PBXNativeTarget section */

/* Begin PBXProject section */
		498EC7C92CE921D0003911EB /* Project object */ = {
			isa = PBXProject;
			attributes = {
				BuildIndependentTargetsInParallel = 1;
				LastSwiftUpdateCheck = 1610;
				LastUpgradeCheck = 1610;
				TargetAttributes = {
					498EC7D02CE921D0003911EB = {
						CreatedOnToolsVersion = 16.1;
					};
					498EC7E62CE921D3003911EB = {
						CreatedOnToolsVersion = 16.1;
						TestTargetID = 498EC7D02CE921D0003911EB;
					};
					498EC7F02CE921D3003911EB = {
						CreatedOnToolsVersion = 16.1;
						TestTargetID = 498EC7D02CE921D0003911EB;
					};
				};
			};
			buildConfigurationList = 498EC7CC2CE921D0003911EB /* Build configuration list for PBXProject "FT" */;
			developmentRegion = en;
			hasScannedForEncodings = 0;
			knownRegions = (
				en,
				Base,
			);
			mainGroup = 498EC7C82CE921D0003911EB;
			minimizedProjectReferenceProxies = 1;
			preferredProjectObjectVersion = 77;
			productRefGroup = 498EC7D22CE921D0003911EB /* Products */;
			projectDirPath = "";
			projectReferences = (
				{
					ProductGroup = 49335EEF2CE9398C00642FD2 /* Products */;
					ProjectRef = 49335EEB2CE9398C00642FD2 /* LXCore.xcodeproj */;
				},
			);
			projectRoot = "";
			targets = (
				498EC7D02CE921D0003911EB /* FT */,
				498EC7E62CE921D3003911EB /* FTTests */,
				498EC7F02CE921D3003911EB /* FTUITests */,
			);
		};
/* End PBXProject section */

/* Begin PBXResourcesBuildPhase section */
		498EC7CF2CE921D0003911EB /* Resources */ = {
			isa = PBXResourcesBuildPhase;
			buildActionMask = 2147483647;
			files = (
				49335F152CE9398C00642FD2 /* Assets.xcassets in Resources */,
				49335F162CE9398C00642FD2 /* Info.plist in Resources */,
				49335F172CE9398C00642FD2 /* LaunchScreen.storyboard in Resources */,
				49335F182CE9398C00642FD2 /* .gitignore in Resources */,
				49335F192CE9398C00642FD2 /* Main.storyboard in Resources */,
				49335F1A2CE9398C00642FD2 /* README.md in Resources */,
				49335F1B2CE9398C00642FD2 /* LXCoreInputView.xib in Resources */,
				49335F1C2CE9398C00642FD2 /* Podfile in Resources */,
			);
			runOnlyForDeploymentPostprocessing = 0;
		};
		498EC7E52CE921D3003911EB /* Resources */ = {
			isa = PBXResourcesBuildPhase;
			buildActionMask = 2147483647;
			files = (
			);
			runOnlyForDeploymentPostprocessing = 0;
		};
		498EC7EF2CE921D3003911EB /* Resources */ = {
			isa = PBXResourcesBuildPhase;
			buildActionMask = 2147483647;
			files = (
			);
			runOnlyForDeploymentPostprocessing = 0;
		};
/* End PBXResourcesBuildPhase section */

/* Begin PBXShellScriptBuildPhase section */
		3D69F5F90C2A9C920DD8AAF0 /* [CP] Check Pods Manifest.lock */ = {
			isa = PBXShellScriptBuildPhase;
			buildActionMask = 2147483647;
			files = (
			);
			inputFileListPaths = (
			);
			inputPaths = (
				"${PODS_PODFILE_DIR_PATH}/Podfile.lock",
				"${PODS_ROOT}/Manifest.lock",
			);
			name = "[CP] Check Pods Manifest.lock";
			outputFileListPaths = (
			);
			outputPaths = (
				"$(DERIVED_FILE_DIR)/Pods-FTTests-checkManifestLockResult.txt",
			);
			runOnlyForDeploymentPostprocessing = 0;
			shellPath = /bin/sh;
			shellScript = "diff \"${PODS_PODFILE_DIR_PATH}/Podfile.lock\" \"${PODS_ROOT}/Manifest.lock\" > /dev/null\nif [ $? != 0 ] ; then\n    # print error to STDERR\n    echo \"error: The sandbox is not in sync with the Podfile.lock. Run 'pod install' or update your CocoaPods installation.\" >&2\n    exit 1\nfi\n# This output is used by Xcode 'outputs' to avoid re-running this script phase.\necho \"SUCCESS\" > \"${SCRIPT_OUTPUT_FILE_0}\"\n";
			showEnvVarsInLog = 0;
		};
		64621B7FAF516DA727DC0CF0 /* [CP] Check Pods Manifest.lock */ = {
			isa = PBXShellScriptBuildPhase;
			buildActionMask = 2147483647;
			files = (
			);
			inputFileListPaths = (
			);
			inputPaths = (
				"${PODS_PODFILE_DIR_PATH}/Podfile.lock",
				"${PODS_ROOT}/Manifest.lock",
			);
			name = "[CP] Check Pods Manifest.lock";
			outputFileListPaths = (
			);
			outputPaths = (
				"$(DERIVED_FILE_DIR)/Pods-FT-checkManifestLockResult.txt",
			);
			runOnlyForDeploymentPostprocessing = 0;
			shellPath = /bin/sh;
			shellScript = "diff \"${PODS_PODFILE_DIR_PATH}/Podfile.lock\" \"${PODS_ROOT}/Manifest.lock\" > /dev/null\nif [ $? != 0 ] ; then\n    # print error to STDERR\n    echo \"error: The sandbox is not in sync with the Podfile.lock. Run 'pod install' or update your CocoaPods installation.\" >&2\n    exit 1\nfi\n# This output is used by Xcode 'outputs' to avoid re-running this script phase.\necho \"SUCCESS\" > \"${SCRIPT_OUTPUT_FILE_0}\"\n";
			showEnvVarsInLog = 0;
		};
		7F8D5431C4F6332A82F8C853 /* [CP] Check Pods Manifest.lock */ = {
			isa = PBXShellScriptBuildPhase;
			buildActionMask = 2147483647;
			files = (
			);
			inputFileListPaths = (
			);
			inputPaths = (
				"${PODS_PODFILE_DIR_PATH}/Podfile.lock",
				"${PODS_ROOT}/Manifest.lock",
			);
			name = "[CP] Check Pods Manifest.lock";
			outputFileListPaths = (
			);
			outputPaths = (
				"$(DERIVED_FILE_DIR)/Pods-FT-FTUITests-checkManifestLockResult.txt",
			);
			runOnlyForDeploymentPostprocessing = 0;
			shellPath = /bin/sh;
			shellScript = "diff \"${PODS_PODFILE_DIR_PATH}/Podfile.lock\" \"${PODS_ROOT}/Manifest.lock\" > /dev/null\nif [ $? != 0 ] ; then\n    # print error to STDERR\n    echo \"error: The sandbox is not in sync with the Podfile.lock. Run 'pod install' or update your CocoaPods installation.\" >&2\n    exit 1\nfi\n# This output is used by Xcode 'outputs' to avoid re-running this script phase.\necho \"SUCCESS\" > \"${SCRIPT_OUTPUT_FILE_0}\"\n";
			showEnvVarsInLog = 0;
		};
/* End PBXShellScriptBuildPhase section */

/* Begin PBXSourcesBuildPhase section */
		498EC7CD2CE921D0003911EB /* Sources */ = {
			isa = PBXSourcesBuildPhase;
			buildActionMask = 2147483647;
			files = (
				49335EF12CE9398C00642FD2 /* String+Ext.swift in Sources */,
				49335EF22CE9398C00642FD2 /* UIScrollView+Extensions.swift in Sources */,
				49335EF32CE9398C00642FD2 /* LXCore.docc in Sources */,
				49335EF42CE9398C00642FD2 /* AppDelegate.swift in Sources */,
				49335EF52CE9398C00642FD2 /* LXCodableExtension.swift in Sources */,
				49335EF62CE9398C00642FD2 /* LXCodableService.swift in Sources */,
				49335EF72CE9398C00642FD2 /* LXIOSCoreNetworkLayerTargetType.swift in Sources */,
				49335EF82CE9398C00642FD2 /* ViewController.swift in Sources */,
				49335EF92CE9398C00642FD2 /* UIImage+Extensions.swift in Sources */,
				49335EFA2CE9398C00642FD2 /* LXCoreExampleUITests.swift in Sources */,
				49335EFB2CE9398C00642FD2 /* UIView+Extensions.swift in Sources */,
				49335EFC2CE9398C00642FD2 /* LXCoreConstraints.swift in Sources */,
				49335EFD2CE9398C00642FD2 /* UICollectionView+Extensions.swift in Sources */,
				49335EFE2CE9398C00642FD2 /* LXConstantsManager.swift in Sources */,
				49335EFF2CE9398C00642FD2 /* Codable+Extended.swift in Sources */,
				49335F002CE9398C00642FD2 /* LXBaseRepository.swift in Sources */,
				49335F012CE9398C00642FD2 /* UIView+Nib.swift in Sources */,
				49335F022CE9398C00642FD2 /* UITableView+Extensions.swift in Sources */,
				49335F032CE9398C00642FD2 /* LXTargetType.swift in Sources */,
				49335F042CE9398C00642FD2 /* UILabel+Extensions.swift in Sources */,
				49335F052CE9398C00642FD2 /* LXCoreUIKitElementStyles.swift in Sources */,
				49335F062CE9398C00642FD2 /* LXCoreExampleUITestsLaunchTests.swift in Sources */,
				49335F072CE9398C00642FD2 /* LXCoreInputView.swift in Sources */,
				49335F082CE9398C00642FD2 /* LXCoreInputViewUserSpecifications.swift in Sources */,
				49335F092CE9398C00642FD2 /* LXNetworkResponse.swift in Sources */,
				49335F0A2CE9398C00642FD2 /* LXConstants.swift in Sources */,
				49335F0B2CE9398C00642FD2 /* UIDevice+Extensions.swift in Sources */,
				49335F0C2CE9398C00642FD2 /* Double+Extensions.swift in Sources */,
				49335F0D2CE9398C00642FD2 /* LXCoreExampleTests.swift in Sources */,
				49335F0E2CE9398C00642FD2 /* SceneDelegate.swift in Sources */,
				49335F0F2CE9398C00642FD2 /* LXCoreActivityIndicatorView.swift in Sources */,
				49335F102CE9398C00642FD2 /* LXIOSCoreNetworkLayerBaseRepository.swift in Sources */,
				49335F112CE9398C00642FD2 /* LXIOSCoreNetworkLayer.swift in Sources */,
				49335F122CE9398C00642FD2 /* LXCoreTests.swift in Sources */,
				49335F132CE9398C00642FD2 /* LXCoreActivityIndicatorUserSpecifications.swift in Sources */,
				49335F142CE9398C00642FD2 /* LXCoreGradientArcView.swift in Sources */,
			);
			runOnlyForDeploymentPostprocessing = 0;
		};
		498EC7E32CE921D3003911EB /* Sources */ = {
			isa = PBXSourcesBuildPhase;
			buildActionMask = 2147483647;
			files = (
			);
			runOnlyForDeploymentPostprocessing = 0;
		};
		498EC7ED2CE921D3003911EB /* Sources */ = {
			isa = PBXSourcesBuildPhase;
			buildActionMask = 2147483647;
			files = (
			);
			runOnlyForDeploymentPostprocessing = 0;
		};
/* End PBXSourcesBuildPhase section */

/* Begin PBXTargetDependency section */
		498EC7E92CE921D3003911EB /* PBXTargetDependency */ = {
			isa = PBXTargetDependency;
			target = 498EC7D02CE921D0003911EB /* FT */;
			targetProxy = 498EC7E82CE921D3003911EB /* PBXContainerItemProxy */;
		};
		498EC7F32CE921D3003911EB /* PBXTargetDependency */ = {
			isa = PBXTargetDependency;
			target = 498EC7D02CE921D0003911EB /* FT */;
			targetProxy = 498EC7F22CE921D3003911EB /* PBXContainerItemProxy */;
		};
/* End PBXTargetDependency section */

/* Begin PBXVariantGroup section */
		49335EDD2CE9398C00642FD2 /* LaunchScreen.storyboard */ = {
			isa = PBXVariantGroup;
			children = (
				49335EDC2CE9398C00642FD2 /* Base */,
			);
			name = LaunchScreen.storyboard;
			sourceTree = "<group>";
		};
		49335EDF2CE9398C00642FD2 /* Main.storyboard */ = {
			isa = PBXVariantGroup;
			children = (
				49335EDE2CE9398C00642FD2 /* Base */,
			);
			name = Main.storyboard;
			sourceTree = "<group>";
		};
/* End PBXVariantGroup section */

/* Begin XCBuildConfiguration section */
		498EC7FB2CE921D3003911EB /* Debug */ = {
			isa = XCBuildConfiguration;
			baseConfigurationReference = 77F5C976342A3F961019DDCD /* Pods-FT.debug.xcconfig */;
			buildSettings = {
				ASSETCATALOG_COMPILER_APPICON_NAME = AppIcon;
				ASSETCATALOG_COMPILER_GLOBAL_ACCENT_COLOR_NAME = AccentColor;
				CODE_SIGN_STYLE = Automatic;
				CURRENT_PROJECT_VERSION = 1;
				GENERATE_INFOPLIST_FILE = YES;
				INFOPLIST_FILE = FT/Info.plist;
				INFOPLIST_KEY_UIApplicationSupportsIndirectInputEvents = YES;
				INFOPLIST_KEY_UILaunchStoryboardName = LaunchScreen;
				INFOPLIST_KEY_UIMainStoryboardFile = Main;
				INFOPLIST_KEY_UISupportedInterfaceOrientations_iPad = "UIInterfaceOrientationPortrait UIInterfaceOrientationPortraitUpsideDown UIInterfaceOrientationLandscapeLeft UIInterfaceOrientationLandscapeRight";
				INFOPLIST_KEY_UISupportedInterfaceOrientations_iPhone = "UIInterfaceOrientationPortrait UIInterfaceOrientationLandscapeLeft UIInterfaceOrientationLandscapeRight";
				LD_RUNPATH_SEARCH_PATHS = (
					"$(inherited)",
					"@executable_path/Frameworks",
				);
				MARKETING_VERSION = 1.0;
				PRODUCT_BUNDLE_IDENTIFIER = am.artakgevorgyan.FT;
				PRODUCT_NAME = "$(TARGET_NAME)";
				SWIFT_EMIT_LOC_STRINGS = YES;
				SWIFT_VERSION = 5.0;
				TARGETED_DEVICE_FAMILY = "1,2";
			};
			name = Debug;
		};
		498EC7FC2CE921D3003911EB /* Release */ = {
			isa = XCBuildConfiguration;
			baseConfigurationReference = 9312B32BD0EFEA85DD00914A /* Pods-FT.release.xcconfig */;
			buildSettings = {
				ASSETCATALOG_COMPILER_APPICON_NAME = AppIcon;
				ASSETCATALOG_COMPILER_GLOBAL_ACCENT_COLOR_NAME = AccentColor;
				CODE_SIGN_STYLE = Automatic;
				CURRENT_PROJECT_VERSION = 1;
				GENERATE_INFOPLIST_FILE = YES;
				INFOPLIST_FILE = FT/Info.plist;
				INFOPLIST_KEY_UIApplicationSupportsIndirectInputEvents = YES;
				INFOPLIST_KEY_UILaunchStoryboardName = LaunchScreen;
				INFOPLIST_KEY_UIMainStoryboardFile = Main;
				INFOPLIST_KEY_UISupportedInterfaceOrientations_iPad = "UIInterfaceOrientationPortrait UIInterfaceOrientationPortraitUpsideDown UIInterfaceOrientationLandscapeLeft UIInterfaceOrientationLandscapeRight";
				INFOPLIST_KEY_UISupportedInterfaceOrientations_iPhone = "UIInterfaceOrientationPortrait UIInterfaceOrientationLandscapeLeft UIInterfaceOrientationLandscapeRight";
				LD_RUNPATH_SEARCH_PATHS = (
					"$(inherited)",
					"@executable_path/Frameworks",
				);
				MARKETING_VERSION = 1.0;
				PRODUCT_BUNDLE_IDENTIFIER = am.artakgevorgyan.FT;
				PRODUCT_NAME = "$(TARGET_NAME)";
				SWIFT_EMIT_LOC_STRINGS = YES;
				SWIFT_VERSION = 5.0;
				TARGETED_DEVICE_FAMILY = "1,2";
			};
			name = Release;
		};
		498EC7FD2CE921D3003911EB /* Debug */ = {
			isa = XCBuildConfiguration;
			buildSettings = {
				ALWAYS_SEARCH_USER_PATHS = NO;
				ASSETCATALOG_COMPILER_GENERATE_SWIFT_ASSET_SYMBOL_EXTENSIONS = YES;
				CLANG_ANALYZER_NONNULL = YES;
				CLANG_ANALYZER_NUMBER_OBJECT_CONVERSION = YES_AGGRESSIVE;
				CLANG_CXX_LANGUAGE_STANDARD = "gnu++20";
				CLANG_ENABLE_MODULES = YES;
				CLANG_ENABLE_OBJC_ARC = YES;
				CLANG_ENABLE_OBJC_WEAK = YES;
				CLANG_WARN_BLOCK_CAPTURE_AUTORELEASING = YES;
				CLANG_WARN_BOOL_CONVERSION = YES;
				CLANG_WARN_COMMA = YES;
				CLANG_WARN_CONSTANT_CONVERSION = YES;
				CLANG_WARN_DEPRECATED_OBJC_IMPLEMENTATIONS = YES;
				CLANG_WARN_DIRECT_OBJC_ISA_USAGE = YES_ERROR;
				CLANG_WARN_DOCUMENTATION_COMMENTS = YES;
				CLANG_WARN_EMPTY_BODY = YES;
				CLANG_WARN_ENUM_CONVERSION = YES;
				CLANG_WARN_INFINITE_RECURSION = YES;
				CLANG_WARN_INT_CONVERSION = YES;
				CLANG_WARN_NON_LITERAL_NULL_CONVERSION = YES;
				CLANG_WARN_OBJC_IMPLICIT_RETAIN_SELF = YES;
				CLANG_WARN_OBJC_LITERAL_CONVERSION = YES;
				CLANG_WARN_OBJC_ROOT_CLASS = YES_ERROR;
				CLANG_WARN_QUOTED_INCLUDE_IN_FRAMEWORK_HEADER = YES;
				CLANG_WARN_RANGE_LOOP_ANALYSIS = YES;
				CLANG_WARN_STRICT_PROTOTYPES = YES;
				CLANG_WARN_SUSPICIOUS_MOVE = YES;
				CLANG_WARN_UNGUARDED_AVAILABILITY = YES_AGGRESSIVE;
				CLANG_WARN_UNREACHABLE_CODE = YES;
				CLANG_WARN__DUPLICATE_METHOD_MATCH = YES;
				COPY_PHASE_STRIP = NO;
				DEBUG_INFORMATION_FORMAT = dwarf;
				ENABLE_STRICT_OBJC_MSGSEND = YES;
				ENABLE_TESTABILITY = YES;
				ENABLE_USER_SCRIPT_SANDBOXING = YES;
				GCC_C_LANGUAGE_STANDARD = gnu17;
				GCC_DYNAMIC_NO_PIC = NO;
				GCC_NO_COMMON_BLOCKS = YES;
				GCC_OPTIMIZATION_LEVEL = 0;
				GCC_PREPROCESSOR_DEFINITIONS = (
					"DEBUG=1",
					"$(inherited)",
				);
				GCC_WARN_64_TO_32_BIT_CONVERSION = YES;
				GCC_WARN_ABOUT_RETURN_TYPE = YES_ERROR;
				GCC_WARN_UNDECLARED_SELECTOR = YES;
				GCC_WARN_UNINITIALIZED_AUTOS = YES_AGGRESSIVE;
				GCC_WARN_UNUSED_FUNCTION = YES;
				GCC_WARN_UNUSED_VARIABLE = YES;
				IPHONEOS_DEPLOYMENT_TARGET = 18.1;
				LOCALIZATION_PREFERS_STRING_CATALOGS = YES;
				MTL_ENABLE_DEBUG_INFO = INCLUDE_SOURCE;
				MTL_FAST_MATH = YES;
				ONLY_ACTIVE_ARCH = YES;
				SDKROOT = iphoneos;
				SWIFT_ACTIVE_COMPILATION_CONDITIONS = "DEBUG $(inherited)";
				SWIFT_OPTIMIZATION_LEVEL = "-Onone";
			};
			name = Debug;
		};
		498EC7FE2CE921D3003911EB /* Release */ = {
			isa = XCBuildConfiguration;
			buildSettings = {
				ALWAYS_SEARCH_USER_PATHS = NO;
				ASSETCATALOG_COMPILER_GENERATE_SWIFT_ASSET_SYMBOL_EXTENSIONS = YES;
				CLANG_ANALYZER_NONNULL = YES;
				CLANG_ANALYZER_NUMBER_OBJECT_CONVERSION = YES_AGGRESSIVE;
				CLANG_CXX_LANGUAGE_STANDARD = "gnu++20";
				CLANG_ENABLE_MODULES = YES;
				CLANG_ENABLE_OBJC_ARC = YES;
				CLANG_ENABLE_OBJC_WEAK = YES;
				CLANG_WARN_BLOCK_CAPTURE_AUTORELEASING = YES;
				CLANG_WARN_BOOL_CONVERSION = YES;
				CLANG_WARN_COMMA = YES;
				CLANG_WARN_CONSTANT_CONVERSION = YES;
				CLANG_WARN_DEPRECATED_OBJC_IMPLEMENTATIONS = YES;
				CLANG_WARN_DIRECT_OBJC_ISA_USAGE = YES_ERROR;
				CLANG_WARN_DOCUMENTATION_COMMENTS = YES;
				CLANG_WARN_EMPTY_BODY = YES;
				CLANG_WARN_ENUM_CONVERSION = YES;
				CLANG_WARN_INFINITE_RECURSION = YES;
				CLANG_WARN_INT_CONVERSION = YES;
				CLANG_WARN_NON_LITERAL_NULL_CONVERSION = YES;
				CLANG_WARN_OBJC_IMPLICIT_RETAIN_SELF = YES;
				CLANG_WARN_OBJC_LITERAL_CONVERSION = YES;
				CLANG_WARN_OBJC_ROOT_CLASS = YES_ERROR;
				CLANG_WARN_QUOTED_INCLUDE_IN_FRAMEWORK_HEADER = YES;
				CLANG_WARN_RANGE_LOOP_ANALYSIS = YES;
				CLANG_WARN_STRICT_PROTOTYPES = YES;
				CLANG_WARN_SUSPICIOUS_MOVE = YES;
				CLANG_WARN_UNGUARDED_AVAILABILITY = YES_AGGRESSIVE;
				CLANG_WARN_UNREACHABLE_CODE = YES;
				CLANG_WARN__DUPLICATE_METHOD_MATCH = YES;
				COPY_PHASE_STRIP = NO;
				DEBUG_INFORMATION_FORMAT = "dwarf-with-dsym";
				ENABLE_NS_ASSERTIONS = NO;
				ENABLE_STRICT_OBJC_MSGSEND = YES;
				ENABLE_USER_SCRIPT_SANDBOXING = YES;
				GCC_C_LANGUAGE_STANDARD = gnu17;
				GCC_NO_COMMON_BLOCKS = YES;
				GCC_WARN_64_TO_32_BIT_CONVERSION = YES;
				GCC_WARN_ABOUT_RETURN_TYPE = YES_ERROR;
				GCC_WARN_UNDECLARED_SELECTOR = YES;
				GCC_WARN_UNINITIALIZED_AUTOS = YES_AGGRESSIVE;
				GCC_WARN_UNUSED_FUNCTION = YES;
				GCC_WARN_UNUSED_VARIABLE = YES;
				IPHONEOS_DEPLOYMENT_TARGET = 18.1;
				LOCALIZATION_PREFERS_STRING_CATALOGS = YES;
				MTL_ENABLE_DEBUG_INFO = NO;
				MTL_FAST_MATH = YES;
				SDKROOT = iphoneos;
				SWIFT_COMPILATION_MODE = wholemodule;
				VALIDATE_PRODUCT = YES;
			};
			name = Release;
		};
		498EC8002CE921D3003911EB /* Debug */ = {
			isa = XCBuildConfiguration;
			baseConfigurationReference = B3C25B70DF14C593536A293E /* Pods-FTTests.debug.xcconfig */;
			buildSettings = {
				BUNDLE_LOADER = "$(TEST_HOST)";
				CODE_SIGN_STYLE = Automatic;
				CURRENT_PROJECT_VERSION = 1;
				GENERATE_INFOPLIST_FILE = YES;
				IPHONEOS_DEPLOYMENT_TARGET = 18.1;
				MARKETING_VERSION = 1.0;
				PRODUCT_BUNDLE_IDENTIFIER = am.artakgevorgyan.FTTests;
				PRODUCT_NAME = "$(TARGET_NAME)";
				SWIFT_EMIT_LOC_STRINGS = NO;
				SWIFT_VERSION = 5.0;
				TARGETED_DEVICE_FAMILY = "1,2";
				TEST_HOST = "$(BUILT_PRODUCTS_DIR)/FT.app/$(BUNDLE_EXECUTABLE_FOLDER_PATH)/FT";
			};
			name = Debug;
		};
		498EC8012CE921D3003911EB /* Release */ = {
			isa = XCBuildConfiguration;
			baseConfigurationReference = 48C7808CB89C3E2A73F41DA0 /* Pods-FTTests.release.xcconfig */;
			buildSettings = {
				BUNDLE_LOADER = "$(TEST_HOST)";
				CODE_SIGN_STYLE = Automatic;
				CURRENT_PROJECT_VERSION = 1;
				GENERATE_INFOPLIST_FILE = YES;
				IPHONEOS_DEPLOYMENT_TARGET = 18.1;
				MARKETING_VERSION = 1.0;
				PRODUCT_BUNDLE_IDENTIFIER = am.artakgevorgyan.FTTests;
				PRODUCT_NAME = "$(TARGET_NAME)";
				SWIFT_EMIT_LOC_STRINGS = NO;
				SWIFT_VERSION = 5.0;
				TARGETED_DEVICE_FAMILY = "1,2";
				TEST_HOST = "$(BUILT_PRODUCTS_DIR)/FT.app/$(BUNDLE_EXECUTABLE_FOLDER_PATH)/FT";
			};
			name = Release;
		};
		498EC8032CE921D3003911EB /* Debug */ = {
			isa = XCBuildConfiguration;
			baseConfigurationReference = 47209882B3F1295D3B576A34 /* Pods-FT-FTUITests.debug.xcconfig */;
			buildSettings = {
				CODE_SIGN_STYLE = Automatic;
				CURRENT_PROJECT_VERSION = 1;
				GENERATE_INFOPLIST_FILE = YES;
				MARKETING_VERSION = 1.0;
				PRODUCT_BUNDLE_IDENTIFIER = am.artakgevorgyan.FTUITests;
				PRODUCT_NAME = "$(TARGET_NAME)";
				SWIFT_EMIT_LOC_STRINGS = NO;
				SWIFT_VERSION = 5.0;
				TARGETED_DEVICE_FAMILY = "1,2";
				TEST_TARGET_NAME = FT;
			};
			name = Debug;
		};
		498EC8042CE921D3003911EB /* Release */ = {
			isa = XCBuildConfiguration;
			baseConfigurationReference = C0A71022A17458EB6ED2028F /* Pods-FT-FTUITests.release.xcconfig */;
			buildSettings = {
				CODE_SIGN_STYLE = Automatic;
				CURRENT_PROJECT_VERSION = 1;
				GENERATE_INFOPLIST_FILE = YES;
				MARKETING_VERSION = 1.0;
				PRODUCT_BUNDLE_IDENTIFIER = am.artakgevorgyan.FTUITests;
				PRODUCT_NAME = "$(TARGET_NAME)";
				SWIFT_EMIT_LOC_STRINGS = NO;
				SWIFT_VERSION = 5.0;
				TARGETED_DEVICE_FAMILY = "1,2";
				TEST_TARGET_NAME = FT;
			};
			name = Release;
		};
/* End XCBuildConfiguration section */

/* Begin XCConfigurationList section */
		498EC7CC2CE921D0003911EB /* Build configuration list for PBXProject "FT" */ = {
			isa = XCConfigurationList;
			buildConfigurations = (
				498EC7FD2CE921D3003911EB /* Debug */,
				498EC7FE2CE921D3003911EB /* Release */,
			);
			defaultConfigurationIsVisible = 0;
			defaultConfigurationName = Release;
		};
		498EC7FA2CE921D3003911EB /* Build configuration list for PBXNativeTarget "FT" */ = {
			isa = XCConfigurationList;
			buildConfigurations = (
				498EC7FB2CE921D3003911EB /* Debug */,
				498EC7FC2CE921D3003911EB /* Release */,
			);
			defaultConfigurationIsVisible = 0;
			defaultConfigurationName = Release;
		};
		498EC7FF2CE921D3003911EB /* Build configuration list for PBXNativeTarget "FTTests" */ = {
			isa = XCConfigurationList;
			buildConfigurations = (
				498EC8002CE921D3003911EB /* Debug */,
				498EC8012CE921D3003911EB /* Release */,
			);
			defaultConfigurationIsVisible = 0;
			defaultConfigurationName = Release;
		};
		498EC8022CE921D3003911EB /* Build configuration list for PBXNativeTarget "FTUITests" */ = {
			isa = XCConfigurationList;
			buildConfigurations = (
				498EC8032CE921D3003911EB /* Debug */,
				498EC8042CE921D3003911EB /* Release */,
			);
			defaultConfigurationIsVisible = 0;
			defaultConfigurationName = Release;
		};
/* End XCConfigurationList section */
	};
	rootObject = 498EC7C92CE921D0003911EB /* Project object */;
}
